Microsoft Visual Studio Solution File, Format Version 12.00
# Visual Studio 15
Project("{8BC9CEB8-8B4A-11D0-8D11-00A0C91BC942}") = "ALL_BUILD", "ALL_BUILD.vcxproj", "{5A7B32D6-FC41-33C8-9662-0ECCE40DE3CD}"
	ProjectSection(ProjectDependencies) = postProject
		{207D3487-4A3A-333B-88FB-D2962D737EC6} = {207D3487-4A3A-333B-88FB-D2962D737EC6}
		{D86CE198-BBB6-35A7-A16E-D9B1EBEA96A7} = {D86CE198-BBB6-35A7-A16E-D9B1EBEA96A7}
	EndProjectSection
EndProject
Project("{8BC9CEB8-8B4A-11D0-8D11-00A0C91BC942}") = "INSTALL", "INSTALL.vcxproj", "{1C29F118-3CD3-3A67-9AB9-5C8A01EA98D1}"
	ProjectSection(ProjectDependencies) = postProject
		{5A7B32D6-FC41-33C8-9662-0ECCE40DE3CD} = {5A7B32D6-FC41-33C8-9662-0ECCE40DE3CD}
		{207D3487-4A3A-333B-88FB-D2962D737EC6} = {207D3487-4A3A-333B-88FB-D2962D737EC6}
	EndProjectSection
EndProject
Project("{8BC9CEB8-8B4A-11D0-8D11-00A0C91BC942}") = "ZERO_CHECK", "..\..\\ZERO_CHECK.vcxproj", "{207D3487-4A3A-333B-88FB-D2962D737EC6}"
	ProjectSection(ProjectDependencies) = postProject
	EndProjectSection
EndProject
Project("{8BC9CEB8-8B4A-11D0-8D11-00A0C91BC942}") = "zlibstatic", "zlibstatic.vcxproj", "{D86CE198-BBB6-35A7-A16E-D9B1EBEA96A7}"
	ProjectSection(ProjectDependencies) = postProject
		{207D3487-4A3A-333B-88FB-D2962D737EC6} = {207D3487-4A3A-333B-88FB-D2962D737EC6}
	EndProjectSection
EndProject
Global
	GlobalSection(SolutionConfigurationPlatforms) = preSolution
		Debug|Win32 = Debug|Win32
		Release|Win32 = Release|Win32
		MinSizeRel|Win32 = MinSizeRel|Win32
		RelWithDebInfo|Win32 = RelWithDebInfo|Win32
	EndGlobalSection
	GlobalSection(ProjectConfigurationPlatforms) = postSolution
		{5A7B32D6-FC41-33C8-9662-0ECCE40DE3CD}.Debug|Win32.ActiveCfg = Debug|Win32
		{5A7B32D6-FC41-33C8-9662-0ECCE40DE3CD}.Debug|Win32.Build.0 = Debug|Win32
		{5A7B32D6-FC41-33C8-9662-0ECCE40DE3CD}.Release|Win32.ActiveCfg = Release|Win32
		{5A7B32D6-FC41-33C8-9662-0ECCE40DE3CD}.Release|Win32.Build.0 = Release|Win32
		{5A7B32D6-FC41-33C8-9662-0ECCE40DE3CD}.MinSizeRel|Win32.ActiveCfg = MinSizeRel|Win32
		{5A7B32D6-FC41-33C8-9662-0ECCE40DE3CD}.MinSizeRel|Win32.Build.0 = MinSizeRel|Win32
		{5A7B32D6-FC41-33C8-9662-0ECCE40DE3CD}.RelWithDebInfo|Win32.ActiveCfg = RelWithDebInfo|Win32
		{5A7B32D6-FC41-33C8-9662-0ECCE40DE3CD}.RelWithDebInfo|Win32.Build.0 = RelWithDebInfo|Win32
		{1C29F118-3CD3-3A67-9AB9-5C8A01EA98D1}.Debug|Win32.ActiveCfg = Debug|Win32
		{1C29F118-3CD3-3A67-9AB9-5C8A01EA98D1}.Release|Win32.ActiveCfg = Release|Win32
		{1C29F118-3CD3-3A67-9AB9-5C8A01EA98D1}.MinSizeRel|Win32.ActiveCfg = MinSizeRel|Win32
		{1C29F118-3CD3-3A67-9AB9-5C8A01EA98D1}.RelWithDebInfo|Win32.ActiveCfg = RelWithDebInfo|Win32
		{207D3487-4A3A-333B-88FB-D2962D737EC6}.Debug|Win32.ActiveCfg = Debug|Win32
		{207D3487-4A3A-333B-88FB-D2962D737EC6}.Debug|Win32.Build.0 = Debug|Win32
		{207D3487-4A3A-333B-88FB-D2962D737EC6}.Release|Win32.ActiveCfg = Release|Win32
		{207D3487-4A3A-333B-88FB-D2962D737EC6}.Release|Win32.Build.0 = Release|Win32
		{207D3487-4A3A-333B-88FB-D2962D737EC6}.MinSizeRel|Win32.ActiveCfg = MinSizeRel|Win32
		{207D3487-4A3A-333B-88FB-D2962D737EC6}.MinSizeRel|Win32.Build.0 = MinSizeRel|Win32
		{207D3487-4A3A-333B-88FB-D2962D737EC6}.RelWithDebInfo|Win32.ActiveCfg = RelWithDebInfo|Win32
		{207D3487-4A3A-333B-88FB-D2962D737EC6}.RelWithDebInfo|Win32.Build.0 = RelWithDebInfo|Win32
		{D86CE198-BBB6-35A7-A16E-D9B1EBEA96A7}.Debug|Win32.ActiveCfg = Debug|Win32
		{D86CE198-BBB6-35A7-A16E-D9B1EBEA96A7}.Debug|Win32.Build.0 = Debug|Win32
		{D86CE198-BBB6-35A7-A16E-D9B1EBEA96A7}.Release|Win32.ActiveCfg = Release|Win32
		{D86CE198-BBB6-35A7-A16E-D9B1EBEA96A7}.Release|Win32.Build.0 = Release|Win32
		{D86CE198-BBB6-35A7-A16E-D9B1EBEA96A7}.MinSizeRel|Win32.ActiveCfg = MinSizeRel|Win32
		{D86CE198-BBB6-35A7-A16E-D9B1EBEA96A7}.MinSizeRel|Win32.Build.0 = MinSizeRel|Win32
		{D86CE198-BBB6-35A7-A16E-D9B1EBEA96A7}.RelWithDebInfo|Win32.ActiveCfg = RelWithDebInfo|Win32
		{D86CE198-BBB6-35A7-A16E-D9B1EBEA96A7}.RelWithDebInfo|Win32.Build.0 = RelWithDebInfo|Win32
	EndGlobalSection
	GlobalSection(ExtensibilityGlobals) = postSolution
		SolutionGuid = {10A6F39F-E010-327D-920D-AC1714F0A56E}
	EndGlobalSection
	GlobalSection(ExtensibilityAddIns) = postSolution
	EndGlobalSection
EndGlobal
