Microsoft Visual Studio Solution File, Format Version 12.00
# Visual Studio 15
Project("{8BC9CEB8-8B4A-11D0-8D11-00A0C91BC942}") = "ALL_BUILD", "ALL_BUILD.vcxproj", "{5A7B32D6-FC41-33C8-9662-0ECCE40DE3CD}"
	ProjectSection(ProjectDependencies) = postProject
		{26D50DD1-3459-3386-BEA1-5957187BAC50} = {26D50DD1-3459-3386-BEA1-5957187BAC50}
		{207D3487-4A3A-333B-88FB-D2962D737EC6} = {207D3487-4A3A-333B-88FB-D2962D737EC6}
		{D97EACCB-D8A2-3531-B4CA-93948F7B8F92} = {D97EACCB-D8A2-3531-B4CA-93948F7B8F92}
		{254490CA-83CE-314C-9ECB-F53CEF875A63} = {254490CA-83CE-314C-9ECB-F53CEF875A63}
		{106B6D61-3F84-3E9D-807D-5E9D4864ED58} = {106B6D61-3F84-3E9D-807D-5E9D4864ED58}
		{D86CE198-BBB6-35A7-A16E-D9B1EBEA96A7} = {D86CE198-BBB6-35A7-A16E-D9B1EBEA96A7}
	EndProjectSection
EndProject
Project("{8BC9CEB8-8B4A-11D0-8D11-00A0C91BC942}") = "Continuous", "test\Continuous.vcxproj", "{C0EEDEC3-6382-3E6A-A359-002D1DF6410C}"
	ProjectSection(ProjectDependencies) = postProject
		{207D3487-4A3A-333B-88FB-D2962D737EC6} = {207D3487-4A3A-333B-88FB-D2962D737EC6}
	EndProjectSection
EndProject
Project("{8BC9CEB8-8B4A-11D0-8D11-00A0C91BC942}") = "Experimental", "test\Experimental.vcxproj", "{72634735-0CE4-3180-B52F-CC9D3EB7B303}"
	ProjectSection(ProjectDependencies) = postProject
		{207D3487-4A3A-333B-88FB-D2962D737EC6} = {207D3487-4A3A-333B-88FB-D2962D737EC6}
	EndProjectSection
EndProject
Project("{8BC9CEB8-8B4A-11D0-8D11-00A0C91BC942}") = "INSTALL", "INSTALL.vcxproj", "{1C29F118-3CD3-3A67-9AB9-5C8A01EA98D1}"
	ProjectSection(ProjectDependencies) = postProject
		{5A7B32D6-FC41-33C8-9662-0ECCE40DE3CD} = {5A7B32D6-FC41-33C8-9662-0ECCE40DE3CD}
		{207D3487-4A3A-333B-88FB-D2962D737EC6} = {207D3487-4A3A-333B-88FB-D2962D737EC6}
	EndProjectSection
EndProject
Project("{8BC9CEB8-8B4A-11D0-8D11-00A0C91BC942}") = "IrrXML", "contrib\irrXML\IrrXML.vcxproj", "{26D50DD1-3459-3386-BEA1-5957187BAC50}"
	ProjectSection(ProjectDependencies) = postProject
		{207D3487-4A3A-333B-88FB-D2962D737EC6} = {207D3487-4A3A-333B-88FB-D2962D737EC6}
	EndProjectSection
EndProject
Project("{8BC9CEB8-8B4A-11D0-8D11-00A0C91BC942}") = "Nightly", "test\Nightly.vcxproj", "{039191CC-58B4-3A56-9E66-FB66AF9E4B7C}"
	ProjectSection(ProjectDependencies) = postProject
		{207D3487-4A3A-333B-88FB-D2962D737EC6} = {207D3487-4A3A-333B-88FB-D2962D737EC6}
	EndProjectSection
EndProject
Project("{8BC9CEB8-8B4A-11D0-8D11-00A0C91BC942}") = "NightlyMemoryCheck", "test\NightlyMemoryCheck.vcxproj", "{21FF48AD-CA7D-3226-BA4C-B675B6B4291F}"
	ProjectSection(ProjectDependencies) = postProject
		{207D3487-4A3A-333B-88FB-D2962D737EC6} = {207D3487-4A3A-333B-88FB-D2962D737EC6}
	EndProjectSection
EndProject
Project("{8BC9CEB8-8B4A-11D0-8D11-00A0C91BC942}") = "UpdateAssimpLibsDebugSymbolsAndDLLs", "UpdateAssimpLibsDebugSymbolsAndDLLs.vcxproj", "{3616B129-0EA3-30AE-BBD0-8CEF0548EA53}"
	ProjectSection(ProjectDependencies) = postProject
		{207D3487-4A3A-333B-88FB-D2962D737EC6} = {207D3487-4A3A-333B-88FB-D2962D737EC6}
	EndProjectSection
EndProject
Project("{8BC9CEB8-8B4A-11D0-8D11-00A0C91BC942}") = "ZERO_CHECK", "ZERO_CHECK.vcxproj", "{207D3487-4A3A-333B-88FB-D2962D737EC6}"
	ProjectSection(ProjectDependencies) = postProject
	EndProjectSection
EndProject
Project("{8BC9CEB8-8B4A-11D0-8D11-00A0C91BC942}") = "assimp", "code\assimp.vcxproj", "{D97EACCB-D8A2-3531-B4CA-93948F7B8F92}"
	ProjectSection(ProjectDependencies) = postProject
		{26D50DD1-3459-3386-BEA1-5957187BAC50} = {26D50DD1-3459-3386-BEA1-5957187BAC50}
		{207D3487-4A3A-333B-88FB-D2962D737EC6} = {207D3487-4A3A-333B-88FB-D2962D737EC6}
		{D86CE198-BBB6-35A7-A16E-D9B1EBEA96A7} = {D86CE198-BBB6-35A7-A16E-D9B1EBEA96A7}
	EndProjectSection
EndProject
Project("{8BC9CEB8-8B4A-11D0-8D11-00A0C91BC942}") = "assimp_cmd", "tools\assimp_cmd\assimp_cmd.vcxproj", "{254490CA-83CE-314C-9ECB-F53CEF875A63}"
	ProjectSection(ProjectDependencies) = postProject
		{26D50DD1-3459-3386-BEA1-5957187BAC50} = {26D50DD1-3459-3386-BEA1-5957187BAC50}
		{207D3487-4A3A-333B-88FB-D2962D737EC6} = {207D3487-4A3A-333B-88FB-D2962D737EC6}
		{D97EACCB-D8A2-3531-B4CA-93948F7B8F92} = {D97EACCB-D8A2-3531-B4CA-93948F7B8F92}
		{D86CE198-BBB6-35A7-A16E-D9B1EBEA96A7} = {D86CE198-BBB6-35A7-A16E-D9B1EBEA96A7}
	EndProjectSection
EndProject
Project("{8BC9CEB8-8B4A-11D0-8D11-00A0C91BC942}") = "uninstall", "uninstall.vcxproj", "{DAC330FF-5831-3296-BCA5-20F798F5D66D}"
	ProjectSection(ProjectDependencies) = postProject
		{207D3487-4A3A-333B-88FB-D2962D737EC6} = {207D3487-4A3A-333B-88FB-D2962D737EC6}
	EndProjectSection
EndProject
Project("{8BC9CEB8-8B4A-11D0-8D11-00A0C91BC942}") = "unit", "test\unit.vcxproj", "{106B6D61-3F84-3E9D-807D-5E9D4864ED58}"
	ProjectSection(ProjectDependencies) = postProject
		{26D50DD1-3459-3386-BEA1-5957187BAC50} = {26D50DD1-3459-3386-BEA1-5957187BAC50}
		{207D3487-4A3A-333B-88FB-D2962D737EC6} = {207D3487-4A3A-333B-88FB-D2962D737EC6}
		{D97EACCB-D8A2-3531-B4CA-93948F7B8F92} = {D97EACCB-D8A2-3531-B4CA-93948F7B8F92}
		{D86CE198-BBB6-35A7-A16E-D9B1EBEA96A7} = {D86CE198-BBB6-35A7-A16E-D9B1EBEA96A7}
	EndProjectSection
EndProject
Project("{8BC9CEB8-8B4A-11D0-8D11-00A0C91BC942}") = "zlibstatic", "contrib\zlib\zlibstatic.vcxproj", "{D86CE198-BBB6-35A7-A16E-D9B1EBEA96A7}"
	ProjectSection(ProjectDependencies) = postProject
		{207D3487-4A3A-333B-88FB-D2962D737EC6} = {207D3487-4A3A-333B-88FB-D2962D737EC6}
	EndProjectSection
EndProject
Global
	GlobalSection(SolutionConfigurationPlatforms) = preSolution
		Debug|Win32 = Debug|Win32
		Release|Win32 = Release|Win32
		MinSizeRel|Win32 = MinSizeRel|Win32
		RelWithDebInfo|Win32 = RelWithDebInfo|Win32
	EndGlobalSection
	GlobalSection(ProjectConfigurationPlatforms) = postSolution
		{5A7B32D6-FC41-33C8-9662-0ECCE40DE3CD}.Debug|Win32.ActiveCfg = Debug|Win32
		{5A7B32D6-FC41-33C8-9662-0ECCE40DE3CD}.Debug|Win32.Build.0 = Debug|Win32
		{5A7B32D6-FC41-33C8-9662-0ECCE40DE3CD}.Release|Win32.ActiveCfg = Release|Win32
		{5A7B32D6-FC41-33C8-9662-0ECCE40DE3CD}.Release|Win32.Build.0 = Release|Win32
		{5A7B32D6-FC41-33C8-9662-0ECCE40DE3CD}.MinSizeRel|Win32.ActiveCfg = MinSizeRel|Win32
		{5A7B32D6-FC41-33C8-9662-0ECCE40DE3CD}.MinSizeRel|Win32.Build.0 = MinSizeRel|Win32
		{5A7B32D6-FC41-33C8-9662-0ECCE40DE3CD}.RelWithDebInfo|Win32.ActiveCfg = RelWithDebInfo|Win32
		{5A7B32D6-FC41-33C8-9662-0ECCE40DE3CD}.RelWithDebInfo|Win32.Build.0 = RelWithDebInfo|Win32
		{C0EEDEC3-6382-3E6A-A359-002D1DF6410C}.Debug|Win32.ActiveCfg = Debug|Win32
		{C0EEDEC3-6382-3E6A-A359-002D1DF6410C}.Release|Win32.ActiveCfg = Release|Win32
		{C0EEDEC3-6382-3E6A-A359-002D1DF6410C}.MinSizeRel|Win32.ActiveCfg = MinSizeRel|Win32
		{C0EEDEC3-6382-3E6A-A359-002D1DF6410C}.RelWithDebInfo|Win32.ActiveCfg = RelWithDebInfo|Win32
		{72634735-0CE4-3180-B52F-CC9D3EB7B303}.Debug|Win32.ActiveCfg = Debug|Win32
		{72634735-0CE4-3180-B52F-CC9D3EB7B303}.Release|Win32.ActiveCfg = Release|Win32
		{72634735-0CE4-3180-B52F-CC9D3EB7B303}.MinSizeRel|Win32.ActiveCfg = MinSizeRel|Win32
		{72634735-0CE4-3180-B52F-CC9D3EB7B303}.RelWithDebInfo|Win32.ActiveCfg = RelWithDebInfo|Win32
		{1C29F118-3CD3-3A67-9AB9-5C8A01EA98D1}.Debug|Win32.ActiveCfg = Debug|Win32
		{1C29F118-3CD3-3A67-9AB9-5C8A01EA98D1}.Release|Win32.ActiveCfg = Release|Win32
		{1C29F118-3CD3-3A67-9AB9-5C8A01EA98D1}.MinSizeRel|Win32.ActiveCfg = MinSizeRel|Win32
		{1C29F118-3CD3-3A67-9AB9-5C8A01EA98D1}.RelWithDebInfo|Win32.ActiveCfg = RelWithDebInfo|Win32
		{26D50DD1-3459-3386-BEA1-5957187BAC50}.Debug|Win32.ActiveCfg = Debug|Win32
		{26D50DD1-3459-3386-BEA1-5957187BAC50}.Debug|Win32.Build.0 = Debug|Win32
		{26D50DD1-3459-3386-BEA1-5957187BAC50}.Release|Win32.ActiveCfg = Release|Win32
		{26D50DD1-3459-3386-BEA1-5957187BAC50}.Release|Win32.Build.0 = Release|Win32
		{26D50DD1-3459-3386-BEA1-5957187BAC50}.MinSizeRel|Win32.ActiveCfg = MinSizeRel|Win32
		{26D50DD1-3459-3386-BEA1-5957187BAC50}.MinSizeRel|Win32.Build.0 = MinSizeRel|Win32
		{26D50DD1-3459-3386-BEA1-5957187BAC50}.RelWithDebInfo|Win32.ActiveCfg = RelWithDebInfo|Win32
		{26D50DD1-3459-3386-BEA1-5957187BAC50}.RelWithDebInfo|Win32.Build.0 = RelWithDebInfo|Win32
		{039191CC-58B4-3A56-9E66-FB66AF9E4B7C}.Debug|Win32.ActiveCfg = Debug|Win32
		{039191CC-58B4-3A56-9E66-FB66AF9E4B7C}.Release|Win32.ActiveCfg = Release|Win32
		{039191CC-58B4-3A56-9E66-FB66AF9E4B7C}.MinSizeRel|Win32.ActiveCfg = MinSizeRel|Win32
		{039191CC-58B4-3A56-9E66-FB66AF9E4B7C}.RelWithDebInfo|Win32.ActiveCfg = RelWithDebInfo|Win32
		{21FF48AD-CA7D-3226-BA4C-B675B6B4291F}.Debug|Win32.ActiveCfg = Debug|Win32
		{21FF48AD-CA7D-3226-BA4C-B675B6B4291F}.Release|Win32.ActiveCfg = Release|Win32
		{21FF48AD-CA7D-3226-BA4C-B675B6B4291F}.MinSizeRel|Win32.ActiveCfg = MinSizeRel|Win32
		{21FF48AD-CA7D-3226-BA4C-B675B6B4291F}.RelWithDebInfo|Win32.ActiveCfg = RelWithDebInfo|Win32
		{3616B129-0EA3-30AE-BBD0-8CEF0548EA53}.Debug|Win32.ActiveCfg = Debug|Win32
		{3616B129-0EA3-30AE-BBD0-8CEF0548EA53}.Release|Win32.ActiveCfg = Release|Win32
		{3616B129-0EA3-30AE-BBD0-8CEF0548EA53}.MinSizeRel|Win32.ActiveCfg = MinSizeRel|Win32
		{3616B129-0EA3-30AE-BBD0-8CEF0548EA53}.RelWithDebInfo|Win32.ActiveCfg = RelWithDebInfo|Win32
		{207D3487-4A3A-333B-88FB-D2962D737EC6}.Debug|Win32.ActiveCfg = Debug|Win32
		{207D3487-4A3A-333B-88FB-D2962D737EC6}.Debug|Win32.Build.0 = Debug|Win32
		{207D3487-4A3A-333B-88FB-D2962D737EC6}.Release|Win32.ActiveCfg = Release|Win32
		{207D3487-4A3A-333B-88FB-D2962D737EC6}.Release|Win32.Build.0 = Release|Win32
		{207D3487-4A3A-333B-88FB-D2962D737EC6}.MinSizeRel|Win32.ActiveCfg = MinSizeRel|Win32
		{207D3487-4A3A-333B-88FB-D2962D737EC6}.MinSizeRel|Win32.Build.0 = MinSizeRel|Win32
		{207D3487-4A3A-333B-88FB-D2962D737EC6}.RelWithDebInfo|Win32.ActiveCfg = RelWithDebInfo|Win32
		{207D3487-4A3A-333B-88FB-D2962D737EC6}.RelWithDebInfo|Win32.Build.0 = RelWithDebInfo|Win32
		{D97EACCB-D8A2-3531-B4CA-93948F7B8F92}.Debug|Win32.ActiveCfg = Debug|Win32
		{D97EACCB-D8A2-3531-B4CA-93948F7B8F92}.Debug|Win32.Build.0 = Debug|Win32
		{D97EACCB-D8A2-3531-B4CA-93948F7B8F92}.Release|Win32.ActiveCfg = Release|Win32
		{D97EACCB-D8A2-3531-B4CA-93948F7B8F92}.Release|Win32.Build.0 = Release|Win32
		{D97EACCB-D8A2-3531-B4CA-93948F7B8F92}.MinSizeRel|Win32.ActiveCfg = MinSizeRel|Win32
		{D97EACCB-D8A2-3531-B4CA-93948F7B8F92}.MinSizeRel|Win32.Build.0 = MinSizeRel|Win32
		{D97EACCB-D8A2-3531-B4CA-93948F7B8F92}.RelWithDebInfo|Win32.ActiveCfg = RelWithDebInfo|Win32
		{D97EACCB-D8A2-3531-B4CA-93948F7B8F92}.RelWithDebInfo|Win32.Build.0 = RelWithDebInfo|Win32
		{254490CA-83CE-314C-9ECB-F53CEF875A63}.Debug|Win32.ActiveCfg = Debug|Win32
		{254490CA-83CE-314C-9ECB-F53CEF875A63}.Debug|Win32.Build.0 = Debug|Win32
		{254490CA-83CE-314C-9ECB-F53CEF875A63}.Release|Win32.ActiveCfg = Release|Win32
		{254490CA-83CE-314C-9ECB-F53CEF875A63}.Release|Win32.Build.0 = Release|Win32
		{254490CA-83CE-314C-9ECB-F53CEF875A63}.MinSizeRel|Win32.ActiveCfg = MinSizeRel|Win32
		{254490CA-83CE-314C-9ECB-F53CEF875A63}.MinSizeRel|Win32.Build.0 = MinSizeRel|Win32
		{254490CA-83CE-314C-9ECB-F53CEF875A63}.RelWithDebInfo|Win32.ActiveCfg = RelWithDebInfo|Win32
		{254490CA-83CE-314C-9ECB-F53CEF875A63}.RelWithDebInfo|Win32.Build.0 = RelWithDebInfo|Win32
		{DAC330FF-5831-3296-BCA5-20F798F5D66D}.Debug|Win32.ActiveCfg = Debug|Win32
		{DAC330FF-5831-3296-BCA5-20F798F5D66D}.Release|Win32.ActiveCfg = Release|Win32
		{DAC330FF-5831-3296-BCA5-20F798F5D66D}.MinSizeRel|Win32.ActiveCfg = MinSizeRel|Win32
		{DAC330FF-5831-3296-BCA5-20F798F5D66D}.RelWithDebInfo|Win32.ActiveCfg = RelWithDebInfo|Win32
		{106B6D61-3F84-3E9D-807D-5E9D4864ED58}.Debug|Win32.ActiveCfg = Debug|Win32
		{106B6D61-3F84-3E9D-807D-5E9D4864ED58}.Debug|Win32.Build.0 = Debug|Win32
		{106B6D61-3F84-3E9D-807D-5E9D4864ED58}.Release|Win32.ActiveCfg = Release|Win32
		{106B6D61-3F84-3E9D-807D-5E9D4864ED58}.Release|Win32.Build.0 = Release|Win32
		{106B6D61-3F84-3E9D-807D-5E9D4864ED58}.MinSizeRel|Win32.ActiveCfg = MinSizeRel|Win32
		{106B6D61-3F84-3E9D-807D-5E9D4864ED58}.MinSizeRel|Win32.Build.0 = MinSizeRel|Win32
		{106B6D61-3F84-3E9D-807D-5E9D4864ED58}.RelWithDebInfo|Win32.ActiveCfg = RelWithDebInfo|Win32
		{106B6D61-3F84-3E9D-807D-5E9D4864ED58}.RelWithDebInfo|Win32.Build.0 = RelWithDebInfo|Win32
		{D86CE198-BBB6-35A7-A16E-D9B1EBEA96A7}.Debug|Win32.ActiveCfg = Debug|Win32
		{D86CE198-BBB6-35A7-A16E-D9B1EBEA96A7}.Debug|Win32.Build.0 = Debug|Win32
		{D86CE198-BBB6-35A7-A16E-D9B1EBEA96A7}.Release|Win32.ActiveCfg = Release|Win32
		{D86CE198-BBB6-35A7-A16E-D9B1EBEA96A7}.Release|Win32.Build.0 = Release|Win32
		{D86CE198-BBB6-35A7-A16E-D9B1EBEA96A7}.MinSizeRel|Win32.ActiveCfg = MinSizeRel|Win32
		{D86CE198-BBB6-35A7-A16E-D9B1EBEA96A7}.MinSizeRel|Win32.Build.0 = MinSizeRel|Win32
		{D86CE198-BBB6-35A7-A16E-D9B1EBEA96A7}.RelWithDebInfo|Win32.ActiveCfg = RelWithDebInfo|Win32
		{D86CE198-BBB6-35A7-A16E-D9B1EBEA96A7}.RelWithDebInfo|Win32.Build.0 = RelWithDebInfo|Win32
	EndGlobalSection
	GlobalSection(ExtensibilityGlobals) = postSolution
		SolutionGuid = {5E7904AF-7095-320F-AE97-E789806B5C94}
	EndGlobalSection
	GlobalSection(ExtensibilityAddIns) = postSolution
	EndGlobalSection
EndGlobal
